
Microsoft Visual Studio Solution File, Format Version 12.00
# Visual Studio 15
VisualStudioVersion = 15.0.28307.1000
MinimumVisualStudioVersion = 10.0.40219.1
Project("{FAE04EC0-301F-11D3-BF4B-00C04F79EFBC}") = "Examen_V_3", "Examen_V_3\Examen_V_3.csproj", "{A307D65D-47C2-4960-9090-6014031A4D38}"
EndProject
Global
	GlobalSection(SolutionConfigurationPlatforms) = preSolution
		Debug|Any CPU = Debug|Any CPU
		Release|Any CPU = Release|Any CPU
	EndGlobalSection
	GlobalSection(ProjectConfigurationPlatforms) = postSolution
		{A307D65D-47C2-4960-9090-6014031A4D38}.Debug|Any CPU.ActiveCfg = Debug|Any CPU
		{A307D65D-47C2-4960-9090-6014031A4D38}.Debug|Any CPU.Build.0 = Debug|Any CPU
		{A307D65D-47C2-4960-9090-6014031A4D38}.Release|Any CPU.ActiveCfg = Release|Any CPU
		{A307D65D-47C2-4960-9090-6014031A4D38}.Release|Any CPU.Build.0 = Release|Any CPU
	EndGlobalSection
	GlobalSection(SolutionProperties) = preSolution
		HideSolutionNode = FALSE
	EndGlobalSection
	GlobalSection(ExtensibilityGlobals) = postSolution
		SolutionGuid = {2A6092E7-142C-4332-A562-5EC6FBA8B9AC}
	EndGlobalSection
EndGlobal
